
Microsoft Visual Studio Solution File, Format Version 12.00
# Visual Studio Version 17
VisualStudioVersion = 17.3.32901.215
MinimumVisualStudioVersion = 10.0.40219.1
Project("{FAE04EC0-301F-11D3-BF4B-00C04F79EFBC}") = "DynamoDB_Manager", "DynamoDB_Manager\DynamoDB_Manager.csproj", "{31D196D4-5E12-4FB9-A063-9B2C5263B7B9}"
EndProject
Global
	GlobalSection(SolutionConfigurationPlatforms) = preSolution
		Debug|Any CPU = Debug|Any CPU
		Release|Any CPU = Release|Any CPU
	EndGlobalSection
	GlobalSection(ProjectConfigurationPlatforms) = postSolution
		{31D196D4-5E12-4FB9-A063-9B2C5263B7B9}.Debug|Any CPU.ActiveCfg = Debug|Any CPU
		{31D196D4-5E12-4FB9-A063-9B2C5263B7B9}.Debug|Any CPU.Build.0 = Debug|Any CPU
		{31D196D4-5E12-4FB9-A063-9B2C5263B7B9}.Release|Any CPU.ActiveCfg = Release|Any CPU
		{31D196D4-5E12-4FB9-A063-9B2C5263B7B9}.Release|Any CPU.Build.0 = Release|Any CPU
	EndGlobalSection
	GlobalSection(SolutionProperties) = preSolution
		HideSolutionNode = FALSE
	EndGlobalSection
	GlobalSection(ExtensibilityGlobals) = postSolution
		SolutionGuid = {15785F2C-9150-4FE7-8887-FACB329D84AA}
	EndGlobalSection
EndGlobal
